
Microsoft Visual Studio Solution File, Format Version 12.00
# Visual Studio Version 17
VisualStudioVersion = 17.11.35327.3
MinimumVisualStudioVersion = 10.0.40219.1
Project("{FAE04EC0-301F-11D3-BF4B-00C04F79EFBC}") = "WindowsFormsApp1", "WindowsFormsApp1\WindowsFormsApp1.csproj", "{520CCB0C-E1BB-4013-BA85-02846E35134F}"
EndProject
Global
	GlobalSection(SolutionConfigurationPlatforms) = preSolution
		Debug|Any CPU = Debug|Any CPU
		Release|Any CPU = Release|Any CPU
	EndGlobalSection
	GlobalSection(ProjectConfigurationPlatforms) = postSolution
		{520CCB0C-E1BB-4013-BA85-02846E35134F}.Debug|Any CPU.ActiveCfg = Debug|Any CPU
		{520CCB0C-E1BB-4013-BA85-02846E35134F}.Debug|Any CPU.Build.0 = Debug|Any CPU
		{520CCB0C-E1BB-4013-BA85-02846E35134F}.Release|Any CPU.ActiveCfg = Release|Any CPU
		{520CCB0C-E1BB-4013-BA85-02846E35134F}.Release|Any CPU.Build.0 = Release|Any CPU
	EndGlobalSection
	GlobalSection(SolutionProperties) = preSolution
		HideSolutionNode = FALSE
	EndGlobalSection
	GlobalSection(ExtensibilityGlobals) = postSolution
		SolutionGuid = {3F815F3F-E0DB-4791-9559-2B0474A67658}
	EndGlobalSection
EndGlobal
